
Microsoft Visual Studio Solution File, Format Version 12.00
# Visual Studio Version 16
VisualStudioVersion = 16.0.808.5
MinimumVisualStudioVersion = 10.0.40219.1
Project("{FAE04EC0-301F-11D3-BF4B-00C04F79EFBC}") = "UltimateCSharpPart1", "UltimateCSharpPart1\UltimateCSharpPart1.csproj", "{E43C33AC-04A4-4179-8826-7F45BE933C9B}"
EndProject
Project("{FAE04EC0-301F-11D3-BF4B-00C04F79EFBC}") = "PrimitiveTypesAndExpressions", "PrimitiveTypesAndExpressions\PrimitiveTypesAndExpressions.csproj", "{C7630034-D627-49AB-8723-68D29AE8D82A}"
EndProject
Project("{FAE04EC0-301F-11D3-BF4B-00C04F79EFBC}") = "NonPrimitiveTypes", "NonPrimitiveTypes\NonPrimitiveTypes.csproj", "{7FF5253B-5A86-4A2F-91A1-0C7CA716B269}"
EndProject
Project("{FAE04EC0-301F-11D3-BF4B-00C04F79EFBC}") = "ControlFlow", "ControlFlow\ControlFlow.csproj", "{F837F196-202A-4612-9FA3-BC70B9038FB6}"
EndProject
Project("{FAE04EC0-301F-11D3-BF4B-00C04F79EFBC}") = "ArraysAndLists", "ArraysAndLists\ArraysAndLists.csproj", "{3069ACC5-AE2F-4AB0-8F13-00718848F48E}"
EndProject
Project("{FAE04EC0-301F-11D3-BF4B-00C04F79EFBC}") = "WorkingWithDates", "WorkingWithDates\WorkingWithDates.csproj", "{8764547A-F9D8-4E24-A0CF-20E922179D48}"
EndProject
Global
	GlobalSection(SolutionConfigurationPlatforms) = preSolution
		Debug|Any CPU = Debug|Any CPU
		Release|Any CPU = Release|Any CPU
	EndGlobalSection
	GlobalSection(ProjectConfigurationPlatforms) = postSolution
		{E43C33AC-04A4-4179-8826-7F45BE933C9B}.Debug|Any CPU.ActiveCfg = Debug|Any CPU
		{E43C33AC-04A4-4179-8826-7F45BE933C9B}.Debug|Any CPU.Build.0 = Debug|Any CPU
		{E43C33AC-04A4-4179-8826-7F45BE933C9B}.Release|Any CPU.ActiveCfg = Release|Any CPU
		{E43C33AC-04A4-4179-8826-7F45BE933C9B}.Release|Any CPU.Build.0 = Release|Any CPU
		{C7630034-D627-49AB-8723-68D29AE8D82A}.Debug|Any CPU.ActiveCfg = Debug|Any CPU
		{C7630034-D627-49AB-8723-68D29AE8D82A}.Debug|Any CPU.Build.0 = Debug|Any CPU
		{C7630034-D627-49AB-8723-68D29AE8D82A}.Release|Any CPU.ActiveCfg = Release|Any CPU
		{C7630034-D627-49AB-8723-68D29AE8D82A}.Release|Any CPU.Build.0 = Release|Any CPU
		{7FF5253B-5A86-4A2F-91A1-0C7CA716B269}.Debug|Any CPU.ActiveCfg = Debug|Any CPU
		{7FF5253B-5A86-4A2F-91A1-0C7CA716B269}.Debug|Any CPU.Build.0 = Debug|Any CPU
		{7FF5253B-5A86-4A2F-91A1-0C7CA716B269}.Release|Any CPU.ActiveCfg = Release|Any CPU
		{7FF5253B-5A86-4A2F-91A1-0C7CA716B269}.Release|Any CPU.Build.0 = Release|Any CPU
		{F837F196-202A-4612-9FA3-BC70B9038FB6}.Debug|Any CPU.ActiveCfg = Debug|Any CPU
		{F837F196-202A-4612-9FA3-BC70B9038FB6}.Debug|Any CPU.Build.0 = Debug|Any CPU
		{F837F196-202A-4612-9FA3-BC70B9038FB6}.Release|Any CPU.ActiveCfg = Release|Any CPU
		{F837F196-202A-4612-9FA3-BC70B9038FB6}.Release|Any CPU.Build.0 = Release|Any CPU
		{3069ACC5-AE2F-4AB0-8F13-00718848F48E}.Debug|Any CPU.ActiveCfg = Debug|Any CPU
		{3069ACC5-AE2F-4AB0-8F13-00718848F48E}.Debug|Any CPU.Build.0 = Debug|Any CPU
		{3069ACC5-AE2F-4AB0-8F13-00718848F48E}.Release|Any CPU.ActiveCfg = Release|Any CPU
		{3069ACC5-AE2F-4AB0-8F13-00718848F48E}.Release|Any CPU.Build.0 = Release|Any CPU
		{8764547A-F9D8-4E24-A0CF-20E922179D48}.Debug|Any CPU.ActiveCfg = Debug|Any CPU
		{8764547A-F9D8-4E24-A0CF-20E922179D48}.Debug|Any CPU.Build.0 = Debug|Any CPU
		{8764547A-F9D8-4E24-A0CF-20E922179D48}.Release|Any CPU.ActiveCfg = Release|Any CPU
		{8764547A-F9D8-4E24-A0CF-20E922179D48}.Release|Any CPU.Build.0 = Release|Any CPU
	EndGlobalSection
	GlobalSection(SolutionProperties) = preSolution
		HideSolutionNode = FALSE
	EndGlobalSection
	GlobalSection(ExtensibilityGlobals) = postSolution
		SolutionGuid = {B520C6D2-E293-4565-BD6D-176EA72EC85B}
	EndGlobalSection
EndGlobal
